
Microsoft Visual Studio Solution File, Format Version 12.00
# Visual Studio Version 17
VisualStudioVersion = 17.0.31717.71
MinimumVisualStudioVersion = 10.0.40219.1
Project("{FAE04EC0-301F-11D3-BF4B-00C04F79EFBC}") = "Couper", "Couper\Couper.csproj", "{ED5667DA-EC90-4D34-A9DE-D9E319841109}"
EndProject
Global
	GlobalSection(SolutionConfigurationPlatforms) = preSolution
		Debug|Any CPU = Debug|Any CPU
		Release|Any CPU = Release|Any CPU
	EndGlobalSection
	GlobalSection(ProjectConfigurationPlatforms) = postSolution
		{ED5667DA-EC90-4D34-A9DE-D9E319841109}.Debug|Any CPU.ActiveCfg = Debug|Any CPU
		{ED5667DA-EC90-4D34-A9DE-D9E319841109}.Debug|Any CPU.Build.0 = Debug|Any CPU
		{ED5667DA-EC90-4D34-A9DE-D9E319841109}.Release|Any CPU.ActiveCfg = Release|Any CPU
		{ED5667DA-EC90-4D34-A9DE-D9E319841109}.Release|Any CPU.Build.0 = Release|Any CPU
	EndGlobalSection
	GlobalSection(SolutionProperties) = preSolution
		HideSolutionNode = FALSE
	EndGlobalSection
	GlobalSection(ExtensibilityGlobals) = postSolution
		SolutionGuid = {87B3FE8E-511F-432E-8087-94EB2ADA8578}
	EndGlobalSection
EndGlobal
